
Microsoft Visual Studio Solution File, Format Version 12.00
# Visual Studio Version 16
VisualStudioVersion = 16.0.29728.190
MinimumVisualStudioVersion = 10.0.40219.1
Project("{FAE04EC0-301F-11D3-BF4B-00C04F79EFBC}") = "CloudImageStorage", "CloudImageStorage\CloudImageStorage.csproj", "{8D729888-01ED-42DA-8872-F9BE9E623B7D}"
EndProject
Global
	GlobalSection(SolutionConfigurationPlatforms) = preSolution
		Debug|Any CPU = Debug|Any CPU
		Release|Any CPU = Release|Any CPU
	EndGlobalSection
	GlobalSection(ProjectConfigurationPlatforms) = postSolution
		{8D729888-01ED-42DA-8872-F9BE9E623B7D}.Debug|Any CPU.ActiveCfg = Debug|Any CPU
		{8D729888-01ED-42DA-8872-F9BE9E623B7D}.Debug|Any CPU.Build.0 = Debug|Any CPU
		{8D729888-01ED-42DA-8872-F9BE9E623B7D}.Release|Any CPU.ActiveCfg = Release|Any CPU
		{8D729888-01ED-42DA-8872-F9BE9E623B7D}.Release|Any CPU.Build.0 = Release|Any CPU
	EndGlobalSection
	GlobalSection(SolutionProperties) = preSolution
		HideSolutionNode = FALSE
	EndGlobalSection
	GlobalSection(ExtensibilityGlobals) = postSolution
		SolutionGuid = {965A2A6F-0917-46E0-8C93-1AB922BC8A30}
	EndGlobalSection
EndGlobal
